// !$*UTF8*$!
{
	archiveVersion = 1;
	classes = {
	};
	objectVersion = 56;
	objects = {

/* Begin PBXBuildFile section */
		AB0BD2BD29FA61D700A4A3DF /* MVVM_Master_Detail_ExampleApp.swift in Sources */ = {isa = PBXBuildFile; fileRef = AB0BD2BC29FA61D700A4A3DF /* MVVM_Master_Detail_ExampleApp.swift */; };
		AB0BD2BF29FA61D700A4A3DF /* ContentView.swift in Sources */ = {isa = PBXBuildFile; fileRef = AB0BD2BE29FA61D700A4A3DF /* ContentView.swift */; };
		AB0BD2C129FA61D800A4A3DF /* Assets.xcassets in Resources */ = {isa = PBXBuildFile; fileRef = AB0BD2C029FA61D800A4A3DF /* Assets.xcassets */; };
		AB0BD2C429FA61D800A4A3DF /* Preview Assets.xcassets in Resources */ = {isa = PBXBuildFile; fileRef = AB0BD2C329FA61D800A4A3DF /* Preview Assets.xcassets */; };
		AB0BD2CC29FA641900A4A3DF /* UserModel.swift in Sources */ = {isa = PBXBuildFile; fileRef = AB0BD2CB29FA641900A4A3DF /* UserModel.swift */; };
		AB0BD2D029FA66FA00A4A3DF /* UserViewModel.swift in Sources */ = {isa = PBXBuildFile; fileRef = AB0BD2CF29FA66FA00A4A3DF /* UserViewModel.swift */; };
		AB0BD2D229FAC31D00A4A3DF /* UserItemView.swift in Sources */ = {isa = PBXBuildFile; fileRef = AB0BD2D129FAC31D00A4A3DF /* UserItemView.swift */; };
/* End PBXBuildFile section */

/* Begin PBXFileReference section */
		AB0BD2B929FA61D700A4A3DF /* MVVM_Master_Detail_Example.app */ = {isa = PBXFileReference; explicitFileType = wrapper.application; includeInIndex = 0; path = MVVM_Master_Detail_Example.app; sourceTree = BUILT_PRODUCTS_DIR; };
		AB0BD2BC29FA61D700A4A3DF /* MVVM_Master_Detail_ExampleApp.swift */ = {isa = PBXFileReference; lastKnownFileType = sourcecode.swift; path = MVVM_Master_Detail_ExampleApp.swift; sourceTree = "<group>"; };
		AB0BD2BE29FA61D700A4A3DF /* ContentView.swift */ = {isa = PBXFileReference; lastKnownFileType = sourcecode.swift; path = ContentView.swift; sourceTree = "<group>"; };
		AB0BD2C029FA61D800A4A3DF /* Assets.xcassets */ = {isa = PBXFileReference; lastKnownFileType = folder.assetcatalog; path = Assets.xcassets; sourceTree = "<group>"; };
		AB0BD2C329FA61D800A4A3DF /* Preview Assets.xcassets */ = {isa = PBXFileReference; lastKnownFileType = folder.assetcatalog; path = "Preview Assets.xcassets"; sourceTree = "<group>"; };
		AB0BD2CB29FA641900A4A3DF /* UserModel.swift */ = {isa = PBXFileReference; lastKnownFileType = sourcecode.swift; path = UserModel.swift; sourceTree = "<group>"; };
		AB0BD2CF29FA66FA00A4A3DF /* UserViewModel.swift */ = {isa = PBXFileReference; lastKnownFileType = sourcecode.swift; path = UserViewModel.swift; sourceTree = "<group>"; };
		AB0BD2D129FAC31D00A4A3DF /* UserItemView.swift */ = {isa = PBXFileReference; lastKnownFileType = sourcecode.swift; path = UserItemView.swift; sourceTree = "<group>"; };
/* End PBXFileReference section */

/* Begin PBXFrameworksBuildPhase section */
		AB0BD2B629FA61D700A4A3DF /* Frameworks */ = {
			isa = PBXFrameworksBuildPhase;
			buildActionMask = 2147483647;
			files = (
			);
			runOnlyForDeploymentPostprocessing = 0;
		};
/* End PBXFrameworksBuildPhase section */

/* Begin PBXGroup section */
		AB0BD2B029FA61D700A4A3DF = {
			isa = PBXGroup;
			children = (
				AB0BD2BB29FA61D700A4A3DF /* MVVM_Master_Detail_Example */,
				AB0BD2BA29FA61D700A4A3DF /* Products */,
			);
			sourceTree = "<group>";
		};
		AB0BD2BA29FA61D700A4A3DF /* Products */ = {
			isa = PBXGroup;
			children = (
				AB0BD2B929FA61D700A4A3DF /* MVVM_Master_Detail_Example.app */,
			);
			name = Products;
			sourceTree = "<group>";
		};
		AB0BD2BB29FA61D700A4A3DF /* MVVM_Master_Detail_Example */ = {
			isa = PBXGroup;
			children = (
				AB0BD2CE29FA65A200A4A3DF /* ViewModel */,
				AB0BD2CD29FA659D00A4A3DF /* View */,
				AB0BD2CA29FA640B00A4A3DF /* Model */,
				AB0BD2BC29FA61D700A4A3DF /* MVVM_Master_Detail_ExampleApp.swift */,
				AB0BD2C029FA61D800A4A3DF /* Assets.xcassets */,
				AB0BD2C229FA61D800A4A3DF /* Preview Content */,
			);
			path = MVVM_Master_Detail_Example;
			sourceTree = "<group>";
		};
		AB0BD2C229FA61D800A4A3DF /* Preview Content */ = {
			isa = PBXGroup;
			children = (
				AB0BD2C329FA61D800A4A3DF /* Preview Assets.xcassets */,
			);
			path = "Preview Content";
			sourceTree = "<group>";
		};
		AB0BD2CA29FA640B00A4A3DF /* Model */ = {
			isa = PBXGroup;
			children = (
				AB0BD2CB29FA641900A4A3DF /* UserModel.swift */,
			);
			path = Model;
			sourceTree = "<group>";
		};
		AB0BD2CD29FA659D00A4A3DF /* View */ = {
			isa = PBXGroup;
			children = (
				AB0BD2BE29FA61D700A4A3DF /* ContentView.swift */,
				AB0BD2D129FAC31D00A4A3DF /* UserItemView.swift */,
			);
			path = View;
			sourceTree = "<group>";
		};
		AB0BD2CE29FA65A200A4A3DF /* ViewModel */ = {
			isa = PBXGroup;
			children = (
				AB0BD2CF29FA66FA00A4A3DF /* UserViewModel.swift */,
			);
			path = ViewModel;
			sourceTree = "<group>";
		};
/* End PBXGroup section */

/* Begin PBXNativeTarget section */
		AB0BD2B829FA61D700A4A3DF /* MVVM_Master_Detail_Example */ = {
			isa = PBXNativeTarget;
			buildConfigurationList = AB0BD2C729FA61D800A4A3DF /* Build configuration list for PBXNativeTarget "MVVM_Master_Detail_Example" */;
			buildPhases = (
				AB0BD2B529FA61D700A4A3DF /* Sources */,
				AB0BD2B629FA61D700A4A3DF /* Frameworks */,
				AB0BD2B729FA61D700A4A3DF /* Resources */,
			);
			buildRules = (
			);
			dependencies = (
			);
			name = MVVM_Master_Detail_Example;
			productName = MVVM_Master_Detail_Example;
			productReference = AB0BD2B929FA61D700A4A3DF /* MVVM_Master_Detail_Example.app */;
			productType = "com.apple.product-type.application";
		};
/* End PBXNativeTarget section */

/* Begin PBXProject section */
		AB0BD2B129FA61D700A4A3DF /* Project object */ = {
			isa = PBXProject;
			attributes = {
				BuildIndependentTargetsInParallel = 1;
				LastSwiftUpdateCheck = 1430;
				LastUpgradeCheck = 1430;
				TargetAttributes = {
					AB0BD2B829FA61D700A4A3DF = {
						CreatedOnToolsVersion = 14.3;
					};
				};
			};
			buildConfigurationList = AB0BD2B429FA61D700A4A3DF /* Build configuration list for PBXProject "MVVM_Master_Detail_Example" */;
			compatibilityVersion = "Xcode 14.0";
			developmentRegion = en;
			hasScannedForEncodings = 0;
			knownRegions = (
				en,
				Base,
			);
			mainGroup = AB0BD2B029FA61D700A4A3DF;
			productRefGroup = AB0BD2BA29FA61D700A4A3DF /* Products */;
			projectDirPath = "";
			projectRoot = "";
			targets = (
				AB0BD2B829FA61D700A4A3DF /* MVVM_Master_Detail_Example */,
			);
		};
/* End PBXProject section */

/* Begin PBXResourcesBuildPhase section */
		AB0BD2B729FA61D700A4A3DF /* Resources */ = {
			isa = PBXResourcesBuildPhase;
			buildActionMask = 2147483647;
			files = (
				AB0BD2C429FA61D800A4A3DF /* Preview Assets.xcassets in Resources */,
				AB0BD2C129FA61D800A4A3DF /* Assets.xcassets in Resources */,
			);
			runOnlyForDeploymentPostprocessing = 0;
		};
/* End PBXResourcesBuildPhase section */

/* Begin PBXSourcesBuildPhase section */
		AB0BD2B529FA61D700A4A3DF /* Sources */ = {
			isa = PBXSourcesBuildPhase;
			buildActionMask = 2147483647;
			files = (
				AB0BD2BF29FA61D700A4A3DF /* ContentView.swift in Sources */,
				AB0BD2D029FA66FA00A4A3DF /* UserViewModel.swift in Sources */,
				AB0BD2CC29FA641900A4A3DF /* UserModel.swift in Sources */,
				AB0BD2BD29FA61D700A4A3DF /* MVVM_Master_Detail_ExampleApp.swift in Sources */,
				AB0BD2D229FAC31D00A4A3DF /* UserItemView.swift in Sources */,
			);
			runOnlyForDeploymentPostprocessing = 0;
		};
/* End PBXSourcesBuildPhase section */

/* Begin XCBuildConfiguration section */
		AB0BD2C529FA61D800A4A3DF /* Debug */ = {
			isa = XCBuildConfiguration;
			buildSettings = {
				ALWAYS_SEARCH_USER_PATHS = NO;
				CLANG_ANALYZER_NONNULL = YES;
				CLANG_ANALYZER_NUMBER_OBJECT_CONVERSION = YES_AGGRESSIVE;
				CLANG_CXX_LANGUAGE_STANDARD = "gnu++20";
				CLANG_ENABLE_MODULES = YES;
				CLANG_ENABLE_OBJC_ARC = YES;
				CLANG_ENABLE_OBJC_WEAK = YES;
				CLANG_WARN_BLOCK_CAPTURE_AUTORELEASING = YES;
				CLANG_WARN_BOOL_CONVERSION = YES;
				CLANG_WARN_COMMA = YES;
				CLANG_WARN_CONSTANT_CONVERSION = YES;
				CLANG_WARN_DEPRECATED_OBJC_IMPLEMENTATIONS = YES;
				CLANG_WARN_DIRECT_OBJC_ISA_USAGE = YES_ERROR;
				CLANG_WARN_DOCUMENTATION_COMMENTS = YES;
				CLANG_WARN_EMPTY_BODY = YES;
				CLANG_WARN_ENUM_CONVERSION = YES;
				CLANG_WARN_INFINITE_RECURSION = YES;
				CLANG_WARN_INT_CONVERSION = YES;
				CLANG_WARN_NON_LITERAL_NULL_CONVERSION = YES;
				CLANG_WARN_OBJC_IMPLICIT_RETAIN_SELF = YES;
				CLANG_WARN_OBJC_LITERAL_CONVERSION = YES;
				CLANG_WARN_OBJC_ROOT_CLASS = YES_ERROR;
				CLANG_WARN_QUOTED_INCLUDE_IN_FRAMEWORK_HEADER = YES;
				CLANG_WARN_RANGE_LOOP_ANALYSIS = YES;
				CLANG_WARN_STRICT_PROTOTYPES = YES;
				CLANG_WARN_SUSPICIOUS_MOVE = YES;
				CLANG_WARN_UNGUARDED_AVAILABILITY = YES_AGGRESSIVE;
				CLANG_WARN_UNREACHABLE_CODE = YES;
				CLANG_WARN__DUPLICATE_METHOD_MATCH = YES;
				COPY_PHASE_STRIP = NO;
				DEBUG_INFORMATION_FORMAT = dwarf;
				ENABLE_STRICT_OBJC_MSGSEND = YES;
				ENABLE_TESTABILITY = YES;
				GCC_C_LANGUAGE_STANDARD = gnu11;
				GCC_DYNAMIC_NO_PIC = NO;
				GCC_NO_COMMON_BLOCKS = YES;
				GCC_OPTIMIZATION_LEVEL = 0;
				GCC_PREPROCESSOR_DEFINITIONS = (
					"DEBUG=1",
					"$(inherited)",
				);
				GCC_WARN_64_TO_32_BIT_CONVERSION = YES;
				GCC_WARN_ABOUT_RETURN_TYPE = YES_ERROR;
				GCC_WARN_UNDECLARED_SELECTOR = YES;
				GCC_WARN_UNINITIALIZED_AUTOS = YES_AGGRESSIVE;
				GCC_WARN_UNUSED_FUNCTION = YES;
				GCC_WARN_UNUSED_VARIABLE = YES;
				IPHONEOS_DEPLOYMENT_TARGET = 16.4;
				MTL_ENABLE_DEBUG_INFO = INCLUDE_SOURCE;
				MTL_FAST_MATH = YES;
				ONLY_ACTIVE_ARCH = YES;
				SDKROOT = iphoneos;
				SWIFT_ACTIVE_COMPILATION_CONDITIONS = DEBUG;
				SWIFT_OPTIMIZATION_LEVEL = "-Onone";
			};
			name = Debug;
		};
		AB0BD2C629FA61D800A4A3DF /* Release */ = {
			isa = XCBuildConfiguration;
			buildSettings = {
				ALWAYS_SEARCH_USER_PATHS = NO;
				CLANG_ANALYZER_NONNULL = YES;
				CLANG_ANALYZER_NUMBER_OBJECT_CONVERSION = YES_AGGRESSIVE;
				CLANG_CXX_LANGUAGE_STANDARD = "gnu++20";
				CLANG_ENABLE_MODULES = YES;
				CLANG_ENABLE_OBJC_ARC = YES;
				CLANG_ENABLE_OBJC_WEAK = YES;
				CLANG_WARN_BLOCK_CAPTURE_AUTORELEASING = YES;
				CLANG_WARN_BOOL_CONVERSION = YES;
				CLANG_WARN_COMMA = YES;
				CLANG_WARN_CONSTANT_CONVERSION = YES;
				CLANG_WARN_DEPRECATED_OBJC_IMPLEMENTATIONS = YES;
				CLANG_WARN_DIRECT_OBJC_ISA_USAGE = YES_ERROR;
				CLANG_WARN_DOCUMENTATION_COMMENTS = YES;
				CLANG_WARN_EMPTY_BODY = YES;
				CLANG_WARN_ENUM_CONVERSION = YES;
				CLANG_WARN_INFINITE_RECURSION = YES;
				CLANG_WARN_INT_CONVERSION = YES;
				CLANG_WARN_NON_LITERAL_NULL_CONVERSION = YES;
				CLANG_WARN_OBJC_IMPLICIT_RETAIN_SELF = YES;
				CLANG_WARN_OBJC_LITERAL_CONVERSION = YES;
				CLANG_WARN_OBJC_ROOT_CLASS = YES_ERROR;
				CLANG_WARN_QUOTED_INCLUDE_IN_FRAMEWORK_HEADER = YES;
				CLANG_WARN_RANGE_LOOP_ANALYSIS = YES;
				CLANG_WARN_STRICT_PROTOTYPES = YES;
				CLANG_WARN_SUSPICIOUS_MOVE = YES;
				CLANG_WARN_UNGUARDED_AVAILABILITY = YES_AGGRESSIVE;
				CLANG_WARN_UNREACHABLE_CODE = YES;
				CLANG_WARN__DUPLICATE_METHOD_MATCH = YES;
				COPY_PHASE_STRIP = NO;
				DEBUG_INFORMATION_FORMAT = "dwarf-with-dsym";
				ENABLE_NS_ASSERTIONS = NO;
				ENABLE_STRICT_OBJC_MSGSEND = YES;
				GCC_C_LANGUAGE_STANDARD = gnu11;
				GCC_NO_COMMON_BLOCKS = YES;
				GCC_WARN_64_TO_32_BIT_CONVERSION = YES;
				GCC_WARN_ABOUT_RETURN_TYPE = YES_ERROR;
				GCC_WARN_UNDECLARED_SELECTOR = YES;
				GCC_WARN_UNINITIALIZED_AUTOS = YES_AGGRESSIVE;
				GCC_WARN_UNUSED_FUNCTION = YES;
				GCC_WARN_UNUSED_VARIABLE = YES;
				IPHONEOS_DEPLOYMENT_TARGET = 16.4;
				MTL_ENABLE_DEBUG_INFO = NO;
				MTL_FAST_MATH = YES;
				SDKROOT = iphoneos;
				SWIFT_COMPILATION_MODE = wholemodule;
				SWIFT_OPTIMIZATION_LEVEL = "-O";
				VALIDATE_PRODUCT = YES;
			};
			name = Release;
		};
		AB0BD2C829FA61D800A4A3DF /* Debug */ = {
			isa = XCBuildConfiguration;
			buildSettings = {
				ASSETCATALOG_COMPILER_APPICON_NAME = AppIcon;
				ASSETCATALOG_COMPILER_GLOBAL_ACCENT_COLOR_NAME = AccentColor;
				CODE_SIGN_STYLE = Automatic;
				CURRENT_PROJECT_VERSION = 1;
				DEVELOPMENT_ASSET_PATHS = "\"MVVM_Master_Detail_Example/Preview Content\"";
				DEVELOPMENT_TEAM = T2SL9AH7N9;
				ENABLE_PREVIEWS = YES;
				GENERATE_INFOPLIST_FILE = YES;
				INFOPLIST_KEY_UIApplicationSceneManifest_Generation = YES;
				INFOPLIST_KEY_UIApplicationSupportsIndirectInputEvents = YES;
				INFOPLIST_KEY_UILaunchScreen_Generation = YES;
				INFOPLIST_KEY_UISupportedInterfaceOrientations_iPad = "UIInterfaceOrientationPortrait UIInterfaceOrientationPortraitUpsideDown UIInterfaceOrientationLandscapeLeft UIInterfaceOrientationLandscapeRight";
				INFOPLIST_KEY_UISupportedInterfaceOrientations_iPhone = "UIInterfaceOrientationPortrait UIInterfaceOrientationLandscapeLeft UIInterfaceOrientationLandscapeRight";
				LD_RUNPATH_SEARCH_PATHS = (
					"$(inherited)",
					"@executable_path/Frameworks",
				);
				MARKETING_VERSION = 1.0;
				PRODUCT_BUNDLE_IDENTIFIER = "com.masonpham.MVVM-Master-Detail-Example";
				PRODUCT_NAME = "$(TARGET_NAME)";
				SWIFT_EMIT_LOC_STRINGS = YES;
				SWIFT_VERSION = 5.0;
				TARGETED_DEVICE_FAMILY = "1,2";
			};
			name = Debug;
		};
		AB0BD2C929FA61D800A4A3DF /* Release */ = {
			isa = XCBuildConfiguration;
			buildSettings = {
				ASSETCATALOG_COMPILER_APPICON_NAME = AppIcon;
				ASSETCATALOG_COMPILER_GLOBAL_ACCENT_COLOR_NAME = AccentColor;
				CODE_SIGN_STYLE = Automatic;
				CURRENT_PROJECT_VERSION = 1;
				DEVELOPMENT_ASSET_PATHS = "\"MVVM_Master_Detail_Example/Preview Content\"";
				DEVELOPMENT_TEAM = T2SL9AH7N9;
				ENABLE_PREVIEWS = YES;
				GENERATE_INFOPLIST_FILE = YES;
				INFOPLIST_KEY_UIApplicationSceneManifest_Generation = YES;
				INFOPLIST_KEY_UIApplicationSupportsIndirectInputEvents = YES;
				INFOPLIST_KEY_UILaunchScreen_Generation = YES;
				INFOPLIST_KEY_UISupportedInterfaceOrientations_iPad = "UIInterfaceOrientationPortrait UIInterfaceOrientationPortraitUpsideDown UIInterfaceOrientationLandscapeLeft UIInterfaceOrientationLandscapeRight";
				INFOPLIST_KEY_UISupportedInterfaceOrientations_iPhone = "UIInterfaceOrientationPortrait UIInterfaceOrientationLandscapeLeft UIInterfaceOrientationLandscapeRight";
				LD_RUNPATH_SEARCH_PATHS = (
					"$(inherited)",
					"@executable_path/Frameworks",
				);
				MARKETING_VERSION = 1.0;
				PRODUCT_BUNDLE_IDENTIFIER = "com.masonpham.MVVM-Master-Detail-Example";
				PRODUCT_NAME = "$(TARGET_NAME)";
				SWIFT_EMIT_LOC_STRINGS = YES;
				SWIFT_VERSION = 5.0;
				TARGETED_DEVICE_FAMILY = "1,2";
			};
			name = Release;
		};
/* End XCBuildConfiguration section */

/* Begin XCConfigurationList section */
		AB0BD2B429FA61D700A4A3DF /* Build configuration list for PBXProject "MVVM_Master_Detail_Example" */ = {
			isa = XCConfigurationList;
			buildConfigurations = (
				AB0BD2C529FA61D800A4A3DF /* Debug */,
				AB0BD2C629FA61D800A4A3DF /* Release */,
			);
			defaultConfigurationIsVisible = 0;
			defaultConfigurationName = Release;
		};
		AB0BD2C729FA61D800A4A3DF /* Build configuration list for PBXNativeTarget "MVVM_Master_Detail_Example" */ = {
			isa = XCConfigurationList;
			buildConfigurations = (
				AB0BD2C829FA61D800A4A3DF /* Debug */,
				AB0BD2C929FA61D800A4A3DF /* Release */,
			);
			defaultConfigurationIsVisible = 0;
			defaultConfigurationName = Release;
		};
/* End XCConfigurationList section */
	};
	rootObject = AB0BD2B129FA61D700A4A3DF /* Project object */;
}
